
Microsoft Visual Studio Solution File, Format Version 12.00
Project("{FAE04EC0-301F-11D3-BF4B-00C04F79EFBC}") = "Playground.Console", "Playground.Console\Playground.Console.csproj", "{337A89AF-1D1D-4C61-A5CD-937E6AA535F9}"
EndProject
Global
	GlobalSection(SolutionConfigurationPlatforms) = preSolution
		Debug|Any CPU = Debug|Any CPU
		Release|Any CPU = Release|Any CPU
	EndGlobalSection
	GlobalSection(ProjectConfigurationPlatforms) = postSolution
		{337A89AF-1D1D-4C61-A5CD-937E6AA535F9}.Debug|Any CPU.ActiveCfg = Debug|Any CPU
		{337A89AF-1D1D-4C61-A5CD-937E6AA535F9}.Debug|Any CPU.Build.0 = Debug|Any CPU
		{337A89AF-1D1D-4C61-A5CD-937E6AA535F9}.Release|Any CPU.ActiveCfg = Release|Any CPU
		{337A89AF-1D1D-4C61-A5CD-937E6AA535F9}.Release|Any CPU.Build.0 = Release|Any CPU
	EndGlobalSection
EndGlobal
